
Microsoft Visual Studio Solution File, Format Version 12.00
# Visual Studio Version 16
VisualStudioVersion = 16.0.30523.141
MinimumVisualStudioVersion = 10.0.40219.1
Project("{FAE04EC0-301F-11D3-BF4B-00C04F79EFBC}") = "ProjectClientServer", "ProjectClientServer\ProjectClientServer.csproj", "{8B90A0BE-C42B-4F53-A524-8F7137A4D4B3}"
EndProject
Project("{FAE04EC0-301F-11D3-BF4B-00C04F79EFBC}") = "ProjectClientServer.Model", "ProjectClientServer.Model\ProjectClientServer.Model.csproj", "{40E8090D-B387-4294-933B-49773796449F}"
EndProject
Global
	GlobalSection(SolutionConfigurationPlatforms) = preSolution
		Debug|Any CPU = Debug|Any CPU
		Release|Any CPU = Release|Any CPU
	EndGlobalSection
	GlobalSection(ProjectConfigurationPlatforms) = postSolution
		{8B90A0BE-C42B-4F53-A524-8F7137A4D4B3}.Debug|Any CPU.ActiveCfg = Debug|Any CPU
		{8B90A0BE-C42B-4F53-A524-8F7137A4D4B3}.Debug|Any CPU.Build.0 = Debug|Any CPU
		{8B90A0BE-C42B-4F53-A524-8F7137A4D4B3}.Release|Any CPU.ActiveCfg = Release|Any CPU
		{8B90A0BE-C42B-4F53-A524-8F7137A4D4B3}.Release|Any CPU.Build.0 = Release|Any CPU
		{40E8090D-B387-4294-933B-49773796449F}.Debug|Any CPU.ActiveCfg = Debug|Any CPU
		{40E8090D-B387-4294-933B-49773796449F}.Debug|Any CPU.Build.0 = Debug|Any CPU
		{40E8090D-B387-4294-933B-49773796449F}.Release|Any CPU.ActiveCfg = Release|Any CPU
		{40E8090D-B387-4294-933B-49773796449F}.Release|Any CPU.Build.0 = Release|Any CPU
	EndGlobalSection
	GlobalSection(SolutionProperties) = preSolution
		HideSolutionNode = FALSE
	EndGlobalSection
	GlobalSection(ExtensibilityGlobals) = postSolution
		SolutionGuid = {7B5D3AD1-173B-44E2-B414-7E90A14A4A13}
	EndGlobalSection
EndGlobal
